
Microsoft Visual Studio Solution File, Format Version 12.00
# Visual Studio Version 17
VisualStudioVersion = 17.7.34018.315
MinimumVisualStudioVersion = 10.0.40219.1
Project("{FAE04EC0-301F-11D3-BF4B-00C04F79EFBC}") = "INSI_WEB_API", "INSI_WEB_API\INSI_WEB_API.csproj", "{F5941891-5E07-404A-B190-4F9B789D973B}"
EndProject
Global
	GlobalSection(SolutionConfigurationPlatforms) = preSolution
		Debug|Any CPU = Debug|Any CPU
		Release|Any CPU = Release|Any CPU
	EndGlobalSection
	GlobalSection(ProjectConfigurationPlatforms) = postSolution
		{F5941891-5E07-404A-B190-4F9B789D973B}.Debug|Any CPU.ActiveCfg = Debug|Any CPU
		{F5941891-5E07-404A-B190-4F9B789D973B}.Debug|Any CPU.Build.0 = Debug|Any CPU
		{F5941891-5E07-404A-B190-4F9B789D973B}.Release|Any CPU.ActiveCfg = Release|Any CPU
		{F5941891-5E07-404A-B190-4F9B789D973B}.Release|Any CPU.Build.0 = Release|Any CPU
	EndGlobalSection
	GlobalSection(SolutionProperties) = preSolution
		HideSolutionNode = FALSE
	EndGlobalSection
	GlobalSection(ExtensibilityGlobals) = postSolution
		SolutionGuid = {F18C132E-E142-43DA-AB31-FB1232E1635B}
	EndGlobalSection
EndGlobal
